
Microsoft Visual Studio Solution File, Format Version 12.00
# Visual Studio Version 17
VisualStudioVersion = 17.5.33516.290
MinimumVisualStudioVersion = 10.0.40219.1
Project("{9A19103F-16F7-4668-BE54-9A1E7A4F7556}") = "LLMT1", "LLMT1.csproj", "{65CA8C4C-0019-441D-AB38-9D5387EB7078}"
EndProject
Global
	GlobalSection(SolutionConfigurationPlatforms) = preSolution
		Debug|Any CPU = Debug|Any CPU
		Release|Any CPU = Release|Any CPU
	EndGlobalSection
	GlobalSection(ProjectConfigurationPlatforms) = postSolution
		{65CA8C4C-0019-441D-AB38-9D5387EB7078}.Debug|Any CPU.ActiveCfg = Debug|Any CPU
		{65CA8C4C-0019-441D-AB38-9D5387EB7078}.Debug|Any CPU.Build.0 = Debug|Any CPU
		{65CA8C4C-0019-441D-AB38-9D5387EB7078}.Release|Any CPU.ActiveCfg = Release|Any CPU
		{65CA8C4C-0019-441D-AB38-9D5387EB7078}.Release|Any CPU.Build.0 = Release|Any CPU
	EndGlobalSection
	GlobalSection(SolutionProperties) = preSolution
		HideSolutionNode = FALSE
	EndGlobalSection
	GlobalSection(ExtensibilityGlobals) = postSolution
		SolutionGuid = {89D329FB-0A40-4F13-A9D6-F57F90B05D29}
	EndGlobalSection
EndGlobal
